
Microsoft Visual Studio Solution File, Format Version 12.00
# Visual Studio Version 17
VisualStudioVersion = 17.9.34902.65
MinimumVisualStudioVersion = 10.0.40219.1
Project("{FAE04EC0-301F-11D3-BF4B-00C04F79EFBC}") = "BackEnd2", "BackEnd2.csproj", "{CFD355FB-F910-4676-BE28-B758D2C4C5F7}"
EndProject
Project("{FAE04EC0-301F-11D3-BF4B-00C04F79EFBC}") = "API2", "..\API2\API2.csproj", "{B66C01E8-3948-4EAB-919F-DA7CEBDA177E}"
EndProject
Global
	GlobalSection(SolutionConfigurationPlatforms) = preSolution
		Debug|Any CPU = Debug|Any CPU
		Release|Any CPU = Release|Any CPU
	EndGlobalSection
	GlobalSection(ProjectConfigurationPlatforms) = postSolution
		{CFD355FB-F910-4676-BE28-B758D2C4C5F7}.Debug|Any CPU.ActiveCfg = Debug|Any CPU
		{CFD355FB-F910-4676-BE28-B758D2C4C5F7}.Debug|Any CPU.Build.0 = Debug|Any CPU
		{CFD355FB-F910-4676-BE28-B758D2C4C5F7}.Release|Any CPU.ActiveCfg = Release|Any CPU
		{CFD355FB-F910-4676-BE28-B758D2C4C5F7}.Release|Any CPU.Build.0 = Release|Any CPU
		{B66C01E8-3948-4EAB-919F-DA7CEBDA177E}.Debug|Any CPU.ActiveCfg = Debug|Any CPU
		{B66C01E8-3948-4EAB-919F-DA7CEBDA177E}.Debug|Any CPU.Build.0 = Debug|Any CPU
		{B66C01E8-3948-4EAB-919F-DA7CEBDA177E}.Release|Any CPU.ActiveCfg = Release|Any CPU
		{B66C01E8-3948-4EAB-919F-DA7CEBDA177E}.Release|Any CPU.Build.0 = Release|Any CPU
	EndGlobalSection
	GlobalSection(SolutionProperties) = preSolution
		HideSolutionNode = FALSE
	EndGlobalSection
	GlobalSection(ExtensibilityGlobals) = postSolution
		SolutionGuid = {FB0FFD23-A4C5-4F15-B9F5-7618800748EB}
	EndGlobalSection
EndGlobal
